
Microsoft Visual Studio Solution File, Format Version 12.00
# Visual Studio Version 16
VisualStudioVersion = 16.0.30517.126
MinimumVisualStudioVersion = 10.0.40219.1
Project("{9A19103F-16F7-4668-BE54-9A1E7A4F7556}") = "Soft", "Soft\Soft.csproj", "{4212A501-1F13-4838-ACA6-0540136005E8}"
EndProject
Project("{9A19103F-16F7-4668-BE54-9A1E7A4F7556}") = "Models", "Models\Models.csproj", "{0415D618-923F-4E96-9B5E-42C3157E67AD}"
EndProject
Project("{9A19103F-16F7-4668-BE54-9A1E7A4F7556}") = "Repositories", "Repositories\Repositories.csproj", "{D54A6351-0344-47B9-BBF7-D5344BAADB7E}"
EndProject
Project("{9A19103F-16F7-4668-BE54-9A1E7A4F7556}") = "ViewModels", "ViewModels\ViewModels.csproj", "{8247E3CA-6993-44D3-9E27-124268044A93}"
EndProject
Project("{9A19103F-16F7-4668-BE54-9A1E7A4F7556}") = "Services", "Services\Services.csproj", "{F2753930-C31D-4BC7-9EB8-276889FD5479}"
EndProject
Project("{9A19103F-16F7-4668-BE54-9A1E7A4F7556}") = "Tests", "Tests\Tests.csproj", "{ADED6A09-F182-44FB-A04E-01DB2EC9B18C}"
EndProject
Project("{9A19103F-16F7-4668-BE54-9A1E7A4F7556}") = "Util", "Util\Util.csproj", "{87CBFCF1-9993-4739-8BCD-B5A33C66DEE8}"
EndProject
Global
	GlobalSection(SolutionConfigurationPlatforms) = preSolution
		Debug|Any CPU = Debug|Any CPU
		Release|Any CPU = Release|Any CPU
	EndGlobalSection
	GlobalSection(ProjectConfigurationPlatforms) = postSolution
		{4212A501-1F13-4838-ACA6-0540136005E8}.Debug|Any CPU.ActiveCfg = Debug|Any CPU
		{4212A501-1F13-4838-ACA6-0540136005E8}.Debug|Any CPU.Build.0 = Debug|Any CPU
		{4212A501-1F13-4838-ACA6-0540136005E8}.Release|Any CPU.ActiveCfg = Release|Any CPU
		{4212A501-1F13-4838-ACA6-0540136005E8}.Release|Any CPU.Build.0 = Release|Any CPU
		{0415D618-923F-4E96-9B5E-42C3157E67AD}.Debug|Any CPU.ActiveCfg = Debug|Any CPU
		{0415D618-923F-4E96-9B5E-42C3157E67AD}.Debug|Any CPU.Build.0 = Debug|Any CPU
		{0415D618-923F-4E96-9B5E-42C3157E67AD}.Release|Any CPU.ActiveCfg = Release|Any CPU
		{0415D618-923F-4E96-9B5E-42C3157E67AD}.Release|Any CPU.Build.0 = Release|Any CPU
		{D54A6351-0344-47B9-BBF7-D5344BAADB7E}.Debug|Any CPU.ActiveCfg = Debug|Any CPU
		{D54A6351-0344-47B9-BBF7-D5344BAADB7E}.Debug|Any CPU.Build.0 = Debug|Any CPU
		{D54A6351-0344-47B9-BBF7-D5344BAADB7E}.Release|Any CPU.ActiveCfg = Release|Any CPU
		{D54A6351-0344-47B9-BBF7-D5344BAADB7E}.Release|Any CPU.Build.0 = Release|Any CPU
		{8247E3CA-6993-44D3-9E27-124268044A93}.Debug|Any CPU.ActiveCfg = Debug|Any CPU
		{8247E3CA-6993-44D3-9E27-124268044A93}.Debug|Any CPU.Build.0 = Debug|Any CPU
		{8247E3CA-6993-44D3-9E27-124268044A93}.Release|Any CPU.ActiveCfg = Release|Any CPU
		{8247E3CA-6993-44D3-9E27-124268044A93}.Release|Any CPU.Build.0 = Release|Any CPU
		{F2753930-C31D-4BC7-9EB8-276889FD5479}.Debug|Any CPU.ActiveCfg = Debug|Any CPU
		{F2753930-C31D-4BC7-9EB8-276889FD5479}.Debug|Any CPU.Build.0 = Debug|Any CPU
		{F2753930-C31D-4BC7-9EB8-276889FD5479}.Release|Any CPU.ActiveCfg = Release|Any CPU
		{F2753930-C31D-4BC7-9EB8-276889FD5479}.Release|Any CPU.Build.0 = Release|Any CPU
		{ADED6A09-F182-44FB-A04E-01DB2EC9B18C}.Debug|Any CPU.ActiveCfg = Debug|Any CPU
		{ADED6A09-F182-44FB-A04E-01DB2EC9B18C}.Debug|Any CPU.Build.0 = Debug|Any CPU
		{ADED6A09-F182-44FB-A04E-01DB2EC9B18C}.Release|Any CPU.ActiveCfg = Release|Any CPU
		{ADED6A09-F182-44FB-A04E-01DB2EC9B18C}.Release|Any CPU.Build.0 = Release|Any CPU
		{87CBFCF1-9993-4739-8BCD-B5A33C66DEE8}.Debug|Any CPU.ActiveCfg = Debug|Any CPU
		{87CBFCF1-9993-4739-8BCD-B5A33C66DEE8}.Debug|Any CPU.Build.0 = Debug|Any CPU
		{87CBFCF1-9993-4739-8BCD-B5A33C66DEE8}.Release|Any CPU.ActiveCfg = Release|Any CPU
		{87CBFCF1-9993-4739-8BCD-B5A33C66DEE8}.Release|Any CPU.Build.0 = Release|Any CPU
	EndGlobalSection
	GlobalSection(SolutionProperties) = preSolution
		HideSolutionNode = FALSE
	EndGlobalSection
	GlobalSection(ExtensibilityGlobals) = postSolution
		SolutionGuid = {D13C65D0-47BB-45C6-B609-12EE1204D3CF}
	EndGlobalSection
EndGlobal
